
Microsoft Visual Studio Solution File, Format Version 12.00
# Visual Studio Version 16
VisualStudioVersion = 16.0.34301.259
MinimumVisualStudioVersion = 10.0.40219.1
Project("{FAE04EC0-301F-11D3-BF4B-00C04F79EFBC}") = "4th_point_13_11", "4th_point_13_11\4th_point_13_11.csproj", "{AF1E09EE-D165-4B22-BEF7-96F2DC30967D}"
EndProject
Global
	GlobalSection(SolutionConfigurationPlatforms) = preSolution
		Debug|Any CPU = Debug|Any CPU
		Release|Any CPU = Release|Any CPU
	EndGlobalSection
	GlobalSection(ProjectConfigurationPlatforms) = postSolution
		{AF1E09EE-D165-4B22-BEF7-96F2DC30967D}.Debug|Any CPU.ActiveCfg = Debug|Any CPU
		{AF1E09EE-D165-4B22-BEF7-96F2DC30967D}.Debug|Any CPU.Build.0 = Debug|Any CPU
		{AF1E09EE-D165-4B22-BEF7-96F2DC30967D}.Release|Any CPU.ActiveCfg = Release|Any CPU
		{AF1E09EE-D165-4B22-BEF7-96F2DC30967D}.Release|Any CPU.Build.0 = Release|Any CPU
	EndGlobalSection
	GlobalSection(SolutionProperties) = preSolution
		HideSolutionNode = FALSE
	EndGlobalSection
	GlobalSection(ExtensibilityGlobals) = postSolution
		SolutionGuid = {DFA3BFB5-3928-4F3D-8FE1-496DDFAE6B7A}
	EndGlobalSection
EndGlobal
